// !$*UTF8*$!
{
	archiveVersion = 1;
	classes = {
	};
	objectVersion = 56;
	objects = {

/* Begin PBXFileReference section */
		5D1AB1382A1FF9A2007DC94E /* html_javascript.js */ = {isa = PBXFileReference; lastKnownFileType = sourcecode.javascript; path = html_javascript.js; sourceTree = "<group>"; };
		5D1AB1392A251C5F007DC94E /* test_server.js */ = {isa = PBXFileReference; lastKnownFileType = sourcecode.javascript; path = test_server.js; sourceTree = "<group>"; };
		5D6375CE2A267D1100462675 /* Clash_Royal_Server.js */ = {isa = PBXFileReference; lastKnownFileType = sourcecode.javascript; path = Clash_Royal_Server.js; sourceTree = "<group>"; };
		5DB54AB32A1E70F100FAA1B1 /* index.html */ = {isa = PBXFileReference; lastKnownFileType = text.html; path = index.html; sourceTree = "<group>"; };
		5DB54AB42A1EBB7300FAA1B1 /* style.css */ = {isa = PBXFileReference; lastKnownFileType = text.css; path = style.css; sourceTree = "<group>"; };
/* End PBXFileReference section */

/* Begin PBXGroup section */
		5DB54AAB2A1E6F7C00FAA1B1 = {
			isa = PBXGroup;
			children = (
				5D6375CE2A267D1100462675 /* Clash_Royal_Server.js */,
				5D1AB1392A251C5F007DC94E /* test_server.js */,
				5D1AB1382A1FF9A2007DC94E /* html_javascript.js */,
				5DB54AB42A1EBB7300FAA1B1 /* style.css */,
				5DB54AB32A1E70F100FAA1B1 /* index.html */,
			);
			sourceTree = "<group>";
		};
/* End PBXGroup section */

/* Begin PBXProject section */
		5DB54AAC2A1E6F7C00FAA1B1 /* Project object */ = {
			isa = PBXProject;
			attributes = {
				BuildIndependentTargetsInParallel = 1;
				LastUpgradeCheck = 1430;
			};
			buildConfigurationList = 5DB54AAF2A1E6F7C00FAA1B1 /* Build configuration list for PBXProject "Clash_Royal_Win_Rate_Tracker" */;
			compatibilityVersion = "Xcode 14.0";
			developmentRegion = en;
			hasScannedForEncodings = 0;
			knownRegions = (
				en,
				Base,
			);
			mainGroup = 5DB54AAB2A1E6F7C00FAA1B1;
			projectDirPath = "";
			projectRoot = "";
			targets = (
			);
		};
/* End PBXProject section */

/* Begin XCBuildConfiguration section */
		5DB54AB02A1E6F7C00FAA1B1 /* Debug */ = {
			isa = XCBuildConfiguration;
			buildSettings = {
			};
			name = Debug;
		};
		5DB54AB12A1E6F7C00FAA1B1 /* Release */ = {
			isa = XCBuildConfiguration;
			buildSettings = {
			};
			name = Release;
		};
/* End XCBuildConfiguration section */

/* Begin XCConfigurationList section */
		5DB54AAF2A1E6F7C00FAA1B1 /* Build configuration list for PBXProject "Clash_Royal_Win_Rate_Tracker" */ = {
			isa = XCConfigurationList;
			buildConfigurations = (
				5DB54AB02A1E6F7C00FAA1B1 /* Debug */,
				5DB54AB12A1E6F7C00FAA1B1 /* Release */,
			);
			defaultConfigurationIsVisible = 0;
			defaultConfigurationName = Release;
		};
/* End XCConfigurationList section */
	};
	rootObject = 5DB54AAC2A1E6F7C00FAA1B1 /* Project object */;
}
